
Microsoft Visual Studio Solution File, Format Version 12.00
# Visual Studio 14
VisualStudioVersion = 14.0.24720.0
MinimumVisualStudioVersion = 10.0.40219.1
Project("{FAE04EC0-301F-11D3-BF4B-00C04F79EFBC}") = "ConsoleApplication2", "ConsoleApplication2\ConsoleApplication2.csproj", "{FDB2F818-6D52-4183-AFAE-47B8285BE3CC}"
EndProject
Global
	GlobalSection(SolutionConfigurationPlatforms) = preSolution
		Debug|Any CPU = Debug|Any CPU
		Release|Any CPU = Release|Any CPU
	EndGlobalSection
	GlobalSection(ProjectConfigurationPlatforms) = postSolution
		{FDB2F818-6D52-4183-AFAE-47B8285BE3CC}.Debug|Any CPU.ActiveCfg = Debug|Any CPU
		{FDB2F818-6D52-4183-AFAE-47B8285BE3CC}.Debug|Any CPU.Build.0 = Debug|Any CPU
		{FDB2F818-6D52-4183-AFAE-47B8285BE3CC}.Release|Any CPU.ActiveCfg = Release|Any CPU
		{FDB2F818-6D52-4183-AFAE-47B8285BE3CC}.Release|Any CPU.Build.0 = Release|Any CPU
	EndGlobalSection
	GlobalSection(SolutionProperties) = preSolution
		HideSolutionNode = FALSE
	EndGlobalSection
EndGlobal
